
Microsoft Visual Studio Solution File, Format Version 12.00
# Visual Studio Version 16
VisualStudioVersion = 16.0.31624.102
MinimumVisualStudioVersion = 10.0.40219.1
Project("{8BC9CEB8-8B4A-11D0-8D11-00A0C91BC942}") = "ArchivoProyecto", "ArchivoProyecto\ArchivoProyecto.vcxproj", "{46AF6A50-B285-4351-BB2A-DA6BDA3F0450}"
EndProject
Global
	GlobalSection(SolutionConfigurationPlatforms) = preSolution
		Debug|x64 = Debug|x64
		Debug|x86 = Debug|x86
		Release|x64 = Release|x64
		Release|x86 = Release|x86
	EndGlobalSection
	GlobalSection(ProjectConfigurationPlatforms) = postSolution
		{46AF6A50-B285-4351-BB2A-DA6BDA3F0450}.Debug|x64.ActiveCfg = Debug|x64
		{46AF6A50-B285-4351-BB2A-DA6BDA3F0450}.Debug|x64.Build.0 = Debug|x64
		{46AF6A50-B285-4351-BB2A-DA6BDA3F0450}.Debug|x86.ActiveCfg = Debug|Win32
		{46AF6A50-B285-4351-BB2A-DA6BDA3F0450}.Debug|x86.Build.0 = Debug|Win32
		{46AF6A50-B285-4351-BB2A-DA6BDA3F0450}.Release|x64.ActiveCfg = Release|x64
		{46AF6A50-B285-4351-BB2A-DA6BDA3F0450}.Release|x64.Build.0 = Release|x64
		{46AF6A50-B285-4351-BB2A-DA6BDA3F0450}.Release|x86.ActiveCfg = Release|Win32
		{46AF6A50-B285-4351-BB2A-DA6BDA3F0450}.Release|x86.Build.0 = Release|Win32
	EndGlobalSection
	GlobalSection(SolutionProperties) = preSolution
		HideSolutionNode = FALSE
	EndGlobalSection
	GlobalSection(ExtensibilityGlobals) = postSolution
		SolutionGuid = {0C571C35-CC3F-46FC-838C-D8C106B9563E}
	EndGlobalSection
EndGlobal
